// !$*UTF8*$!
{
	archiveVersion = 1;
	classes = {
	};
	objectVersion = 56;
	objects = {

/* Begin PBXBuildFile section */
		1485D0CE2B2EE9900020D004 /* AppDelegate.swift in Sources */ = {isa = PBXBuildFile; fileRef = 1485D0CD2B2EE9900020D004 /* AppDelegate.swift */; };
		1485D0D02B2EE9900020D004 /* SceneDelegate.swift in Sources */ = {isa = PBXBuildFile; fileRef = 1485D0CF2B2EE9900020D004 /* SceneDelegate.swift */; };
		1485D0D52B2EE9900020D004 /* Main.storyboard in Resources */ = {isa = PBXBuildFile; fileRef = 1485D0D32B2EE9900020D004 /* Main.storyboard */; };
		1485D0D72B2EE9910020D004 /* Assets.xcassets in Resources */ = {isa = PBXBuildFile; fileRef = 1485D0D62B2EE9910020D004 /* Assets.xcassets */; };
		1485D0DA2B2EE9910020D004 /* LaunchScreen.storyboard in Resources */ = {isa = PBXBuildFile; fileRef = 1485D0D82B2EE9910020D004 /* LaunchScreen.storyboard */; };
		1485D0E52B2EE9910020D004 /* CustomTimerTests.swift in Sources */ = {isa = PBXBuildFile; fileRef = 1485D0E42B2EE9910020D004 /* CustomTimerTests.swift */; };
		1485D0EF2B2EE9910020D004 /* CustomTimerUITests.swift in Sources */ = {isa = PBXBuildFile; fileRef = 1485D0EE2B2EE9910020D004 /* CustomTimerUITests.swift */; };
		1485D0F12B2EE9910020D004 /* CustomTimerUITestsLaunchTests.swift in Sources */ = {isa = PBXBuildFile; fileRef = 1485D0F02B2EE9910020D004 /* CustomTimerUITestsLaunchTests.swift */; };
		1485D1002B2EE9BA0020D004 /* 进度条.swift in Sources */ = {isa = PBXBuildFile; fileRef = 1485D0FE2B2EE9B90020D004 /* 进度条.swift */; };
		1485D1012B2EE9BA0020D004 /* 定时器视图控制器.swift in Sources */ = {isa = PBXBuildFile; fileRef = 1485D0FF2B2EE9BA0020D004 /* 定时器视图控制器.swift */; };
		1485D1052B2EE9E90020D004 /* 自定义颜色.swift in Sources */ = {isa = PBXBuildFile; fileRef = 1485D1032B2EE9E90020D004 /* 自定义颜色.swift */; };
		1485D1062B2EE9E90020D004 /* 倒数定时器类.swift in Sources */ = {isa = PBXBuildFile; fileRef = 1485D1042B2EE9E90020D004 /* 倒数定时器类.swift */; };
		14A6AF312B31F41400BF27AB /* 时间选择器视图.swift in Sources */ = {isa = PBXBuildFile; fileRef = 14A6AF302B31F41400BF27AB /* 时间选择器视图.swift */; };
/* End PBXBuildFile section */

/* Begin PBXContainerItemProxy section */
		1485D0E12B2EE9910020D004 /* PBXContainerItemProxy */ = {
			isa = PBXContainerItemProxy;
			containerPortal = 1485D0C22B2EE9900020D004 /* Project object */;
			proxyType = 1;
			remoteGlobalIDString = 1485D0C92B2EE9900020D004;
			remoteInfo = CustomTimer;
		};
		1485D0EB2B2EE9910020D004 /* PBXContainerItemProxy */ = {
			isa = PBXContainerItemProxy;
			containerPortal = 1485D0C22B2EE9900020D004 /* Project object */;
			proxyType = 1;
			remoteGlobalIDString = 1485D0C92B2EE9900020D004;
			remoteInfo = CustomTimer;
		};
/* End PBXContainerItemProxy section */

/* Begin PBXFileReference section */
		1485D0CA2B2EE9900020D004 /* CustomTimer.app */ = {isa = PBXFileReference; explicitFileType = wrapper.application; includeInIndex = 0; path = CustomTimer.app; sourceTree = BUILT_PRODUCTS_DIR; };
		1485D0CD2B2EE9900020D004 /* AppDelegate.swift */ = {isa = PBXFileReference; lastKnownFileType = sourcecode.swift; path = AppDelegate.swift; sourceTree = "<group>"; };
		1485D0CF2B2EE9900020D004 /* SceneDelegate.swift */ = {isa = PBXFileReference; lastKnownFileType = sourcecode.swift; path = SceneDelegate.swift; sourceTree = "<group>"; };
		1485D0D42B2EE9900020D004 /* Base */ = {isa = PBXFileReference; lastKnownFileType = file.storyboard; name = Base; path = Base.lproj/Main.storyboard; sourceTree = "<group>"; };
		1485D0D62B2EE9910020D004 /* Assets.xcassets */ = {isa = PBXFileReference; lastKnownFileType = folder.assetcatalog; path = Assets.xcassets; sourceTree = "<group>"; };
		1485D0D92B2EE9910020D004 /* Base */ = {isa = PBXFileReference; lastKnownFileType = file.storyboard; name = Base; path = Base.lproj/LaunchScreen.storyboard; sourceTree = "<group>"; };
		1485D0DB2B2EE9910020D004 /* Info.plist */ = {isa = PBXFileReference; lastKnownFileType = text.plist.xml; path = Info.plist; sourceTree = "<group>"; };
		1485D0E02B2EE9910020D004 /* CustomTimerTests.xctest */ = {isa = PBXFileReference; explicitFileType = wrapper.cfbundle; includeInIndex = 0; path = CustomTimerTests.xctest; sourceTree = BUILT_PRODUCTS_DIR; };
		1485D0E42B2EE9910020D004 /* CustomTimerTests.swift */ = {isa = PBXFileReference; lastKnownFileType = sourcecode.swift; path = CustomTimerTests.swift; sourceTree = "<group>"; };
		1485D0EA2B2EE9910020D004 /* CustomTimerUITests.xctest */ = {isa = PBXFileReference; explicitFileType = wrapper.cfbundle; includeInIndex = 0; path = CustomTimerUITests.xctest; sourceTree = BUILT_PRODUCTS_DIR; };
		1485D0EE2B2EE9910020D004 /* CustomTimerUITests.swift */ = {isa = PBXFileReference; lastKnownFileType = sourcecode.swift; path = CustomTimerUITests.swift; sourceTree = "<group>"; };
		1485D0F02B2EE9910020D004 /* CustomTimerUITestsLaunchTests.swift */ = {isa = PBXFileReference; lastKnownFileType = sourcecode.swift; path = CustomTimerUITestsLaunchTests.swift; sourceTree = "<group>"; };
		1485D0FE2B2EE9B90020D004 /* 进度条.swift */ = {isa = PBXFileReference; fileEncoding = 4; lastKnownFileType = sourcecode.swift; path = "进度条.swift"; sourceTree = "<group>"; };
		1485D0FF2B2EE9BA0020D004 /* 定时器视图控制器.swift */ = {isa = PBXFileReference; fileEncoding = 4; lastKnownFileType = sourcecode.swift; path = "定时器视图控制器.swift"; sourceTree = "<group>"; };
		1485D1032B2EE9E90020D004 /* 自定义颜色.swift */ = {isa = PBXFileReference; fileEncoding = 4; lastKnownFileType = sourcecode.swift; path = "自定义颜色.swift"; sourceTree = "<group>"; };
		1485D1042B2EE9E90020D004 /* 倒数定时器类.swift */ = {isa = PBXFileReference; fileEncoding = 4; lastKnownFileType = sourcecode.swift; path = "倒数定时器类.swift"; sourceTree = "<group>"; };
		14A6AF302B31F41400BF27AB /* 时间选择器视图.swift */ = {isa = PBXFileReference; lastKnownFileType = sourcecode.swift; path = "时间选择器视图.swift"; sourceTree = "<group>"; };
/* End PBXFileReference section */

/* Begin PBXFrameworksBuildPhase section */
		1485D0C72B2EE9900020D004 /* Frameworks */ = {
			isa = PBXFrameworksBuildPhase;
			buildActionMask = 2147483647;
			files = (
			);
			runOnlyForDeploymentPostprocessing = 0;
		};
		1485D0DD2B2EE9910020D004 /* Frameworks */ = {
			isa = PBXFrameworksBuildPhase;
			buildActionMask = 2147483647;
			files = (
			);
			runOnlyForDeploymentPostprocessing = 0;
		};
		1485D0E72B2EE9910020D004 /* Frameworks */ = {
			isa = PBXFrameworksBuildPhase;
			buildActionMask = 2147483647;
			files = (
			);
			runOnlyForDeploymentPostprocessing = 0;
		};
/* End PBXFrameworksBuildPhase section */

/* Begin PBXGroup section */
		1485D0C12B2EE9900020D004 = {
			isa = PBXGroup;
			children = (
				1485D0CC2B2EE9900020D004 /* CustomTimer */,
				1485D0E32B2EE9910020D004 /* CustomTimerTests */,
				1485D0ED2B2EE9910020D004 /* CustomTimerUITests */,
				1485D0CB2B2EE9900020D004 /* Products */,
			);
			sourceTree = "<group>";
		};
		1485D0CB2B2EE9900020D004 /* Products */ = {
			isa = PBXGroup;
			children = (
				1485D0CA2B2EE9900020D004 /* CustomTimer.app */,
				1485D0E02B2EE9910020D004 /* CustomTimerTests.xctest */,
				1485D0EA2B2EE9910020D004 /* CustomTimerUITests.xctest */,
			);
			name = Products;
			sourceTree = "<group>";
		};
		1485D0CC2B2EE9900020D004 /* CustomTimer */ = {
			isa = PBXGroup;
			children = (
				1485D1022B2EE9CC0020D004 /* Utility */,
				1485D0FD2B2EE9A20020D004 /* View */,
				1485D0CD2B2EE9900020D004 /* AppDelegate.swift */,
				1485D0CF2B2EE9900020D004 /* SceneDelegate.swift */,
				1485D0D32B2EE9900020D004 /* Main.storyboard */,
				1485D0D62B2EE9910020D004 /* Assets.xcassets */,
				1485D0D82B2EE9910020D004 /* LaunchScreen.storyboard */,
				1485D0DB2B2EE9910020D004 /* Info.plist */,
			);
			path = CustomTimer;
			sourceTree = "<group>";
		};
		1485D0E32B2EE9910020D004 /* CustomTimerTests */ = {
			isa = PBXGroup;
			children = (
				1485D0E42B2EE9910020D004 /* CustomTimerTests.swift */,
			);
			path = CustomTimerTests;
			sourceTree = "<group>";
		};
		1485D0ED2B2EE9910020D004 /* CustomTimerUITests */ = {
			isa = PBXGroup;
			children = (
				1485D0EE2B2EE9910020D004 /* CustomTimerUITests.swift */,
				1485D0F02B2EE9910020D004 /* CustomTimerUITestsLaunchTests.swift */,
			);
			path = CustomTimerUITests;
			sourceTree = "<group>";
		};
		1485D0FD2B2EE9A20020D004 /* View */ = {
			isa = PBXGroup;
			children = (
				1485D0FE2B2EE9B90020D004 /* 进度条.swift */,
				1485D0FF2B2EE9BA0020D004 /* 定时器视图控制器.swift */,
				14A6AF302B31F41400BF27AB /* 时间选择器视图.swift */,
			);
			path = View;
			sourceTree = "<group>";
		};
		1485D1022B2EE9CC0020D004 /* Utility */ = {
			isa = PBXGroup;
			children = (
				1485D1042B2EE9E90020D004 /* 倒数定时器类.swift */,
				1485D1032B2EE9E90020D004 /* 自定义颜色.swift */,
			);
			path = Utility;
			sourceTree = "<group>";
		};
/* End PBXGroup section */

/* Begin PBXNativeTarget section */
		1485D0C92B2EE9900020D004 /* CustomTimer */ = {
			isa = PBXNativeTarget;
			buildConfigurationList = 1485D0F42B2EE9910020D004 /* Build configuration list for PBXNativeTarget "CustomTimer" */;
			buildPhases = (
				1485D0C62B2EE9900020D004 /* Sources */,
				1485D0C72B2EE9900020D004 /* Frameworks */,
				1485D0C82B2EE9900020D004 /* Resources */,
			);
			buildRules = (
			);
			dependencies = (
			);
			name = CustomTimer;
			productName = CustomTimer;
			productReference = 1485D0CA2B2EE9900020D004 /* CustomTimer.app */;
			productType = "com.apple.product-type.application";
		};
		1485D0DF2B2EE9910020D004 /* CustomTimerTests */ = {
			isa = PBXNativeTarget;
			buildConfigurationList = 1485D0F72B2EE9910020D004 /* Build configuration list for PBXNativeTarget "CustomTimerTests" */;
			buildPhases = (
				1485D0DC2B2EE9910020D004 /* Sources */,
				1485D0DD2B2EE9910020D004 /* Frameworks */,
				1485D0DE2B2EE9910020D004 /* Resources */,
			);
			buildRules = (
			);
			dependencies = (
				1485D0E22B2EE9910020D004 /* PBXTargetDependency */,
			);
			name = CustomTimerTests;
			productName = CustomTimerTests;
			productReference = 1485D0E02B2EE9910020D004 /* CustomTimerTests.xctest */;
			productType = "com.apple.product-type.bundle.unit-test";
		};
		1485D0E92B2EE9910020D004 /* CustomTimerUITests */ = {
			isa = PBXNativeTarget;
			buildConfigurationList = 1485D0FA2B2EE9910020D004 /* Build configuration list for PBXNativeTarget "CustomTimerUITests" */;
			buildPhases = (
				1485D0E62B2EE9910020D004 /* Sources */,
				1485D0E72B2EE9910020D004 /* Frameworks */,
				1485D0E82B2EE9910020D004 /* Resources */,
			);
			buildRules = (
			);
			dependencies = (
				1485D0EC2B2EE9910020D004 /* PBXTargetDependency */,
			);
			name = CustomTimerUITests;
			productName = CustomTimerUITests;
			productReference = 1485D0EA2B2EE9910020D004 /* CustomTimerUITests.xctest */;
			productType = "com.apple.product-type.bundle.ui-testing";
		};
/* End PBXNativeTarget section */

/* Begin PBXProject section */
		1485D0C22B2EE9900020D004 /* Project object */ = {
			isa = PBXProject;
			attributes = {
				BuildIndependentTargetsInParallel = 1;
				LastSwiftUpdateCheck = 1410;
				LastUpgradeCheck = 1410;
				TargetAttributes = {
					1485D0C92B2EE9900020D004 = {
						CreatedOnToolsVersion = 14.1;
					};
					1485D0DF2B2EE9910020D004 = {
						CreatedOnToolsVersion = 14.1;
						TestTargetID = 1485D0C92B2EE9900020D004;
					};
					1485D0E92B2EE9910020D004 = {
						CreatedOnToolsVersion = 14.1;
						TestTargetID = 1485D0C92B2EE9900020D004;
					};
				};
			};
			buildConfigurationList = 1485D0C52B2EE9900020D004 /* Build configuration list for PBXProject "CustomTimer" */;
			compatibilityVersion = "Xcode 14.0";
			developmentRegion = en;
			hasScannedForEncodings = 0;
			knownRegions = (
				en,
				Base,
			);
			mainGroup = 1485D0C12B2EE9900020D004;
			productRefGroup = 1485D0CB2B2EE9900020D004 /* Products */;
			projectDirPath = "";
			projectRoot = "";
			targets = (
				1485D0C92B2EE9900020D004 /* CustomTimer */,
				1485D0DF2B2EE9910020D004 /* CustomTimerTests */,
				1485D0E92B2EE9910020D004 /* CustomTimerUITests */,
			);
		};
/* End PBXProject section */

/* Begin PBXResourcesBuildPhase section */
		1485D0C82B2EE9900020D004 /* Resources */ = {
			isa = PBXResourcesBuildPhase;
			buildActionMask = 2147483647;
			files = (
				1485D0DA2B2EE9910020D004 /* LaunchScreen.storyboard in Resources */,
				1485D0D72B2EE9910020D004 /* Assets.xcassets in Resources */,
				1485D0D52B2EE9900020D004 /* Main.storyboard in Resources */,
			);
			runOnlyForDeploymentPostprocessing = 0;
		};
		1485D0DE2B2EE9910020D004 /* Resources */ = {
			isa = PBXResourcesBuildPhase;
			buildActionMask = 2147483647;
			files = (
			);
			runOnlyForDeploymentPostprocessing = 0;
		};
		1485D0E82B2EE9910020D004 /* Resources */ = {
			isa = PBXResourcesBuildPhase;
			buildActionMask = 2147483647;
			files = (
			);
			runOnlyForDeploymentPostprocessing = 0;
		};
/* End PBXResourcesBuildPhase section */

/* Begin PBXSourcesBuildPhase section */
		1485D0C62B2EE9900020D004 /* Sources */ = {
			isa = PBXSourcesBuildPhase;
			buildActionMask = 2147483647;
			files = (
				1485D1012B2EE9BA0020D004 /* 定时器视图控制器.swift in Sources */,
				14A6AF312B31F41400BF27AB /* 时间选择器视图.swift in Sources */,
				1485D1052B2EE9E90020D004 /* 自定义颜色.swift in Sources */,
				1485D1062B2EE9E90020D004 /* 倒数定时器类.swift in Sources */,
				1485D0CE2B2EE9900020D004 /* AppDelegate.swift in Sources */,
				1485D1002B2EE9BA0020D004 /* 进度条.swift in Sources */,
				1485D0D02B2EE9900020D004 /* SceneDelegate.swift in Sources */,
			);
			runOnlyForDeploymentPostprocessing = 0;
		};
		1485D0DC2B2EE9910020D004 /* Sources */ = {
			isa = PBXSourcesBuildPhase;
			buildActionMask = 2147483647;
			files = (
				1485D0E52B2EE9910020D004 /* CustomTimerTests.swift in Sources */,
			);
			runOnlyForDeploymentPostprocessing = 0;
		};
		1485D0E62B2EE9910020D004 /* Sources */ = {
			isa = PBXSourcesBuildPhase;
			buildActionMask = 2147483647;
			files = (
				1485D0EF2B2EE9910020D004 /* CustomTimerUITests.swift in Sources */,
				1485D0F12B2EE9910020D004 /* CustomTimerUITestsLaunchTests.swift in Sources */,
			);
			runOnlyForDeploymentPostprocessing = 0;
		};
/* End PBXSourcesBuildPhase section */

/* Begin PBXTargetDependency section */
		1485D0E22B2EE9910020D004 /* PBXTargetDependency */ = {
			isa = PBXTargetDependency;
			target = 1485D0C92B2EE9900020D004 /* CustomTimer */;
			targetProxy = 1485D0E12B2EE9910020D004 /* PBXContainerItemProxy */;
		};
		1485D0EC2B2EE9910020D004 /* PBXTargetDependency */ = {
			isa = PBXTargetDependency;
			target = 1485D0C92B2EE9900020D004 /* CustomTimer */;
			targetProxy = 1485D0EB2B2EE9910020D004 /* PBXContainerItemProxy */;
		};
/* End PBXTargetDependency section */

/* Begin PBXVariantGroup section */
		1485D0D32B2EE9900020D004 /* Main.storyboard */ = {
			isa = PBXVariantGroup;
			children = (
				1485D0D42B2EE9900020D004 /* Base */,
			);
			name = Main.storyboard;
			sourceTree = "<group>";
		};
		1485D0D82B2EE9910020D004 /* LaunchScreen.storyboard */ = {
			isa = PBXVariantGroup;
			children = (
				1485D0D92B2EE9910020D004 /* Base */,
			);
			name = LaunchScreen.storyboard;
			sourceTree = "<group>";
		};
/* End PBXVariantGroup section */

/* Begin XCBuildConfiguration section */
		1485D0F22B2EE9910020D004 /* Debug */ = {
			isa = XCBuildConfiguration;
			buildSettings = {
				ALWAYS_SEARCH_USER_PATHS = NO;
				CLANG_ANALYZER_NONNULL = YES;
				CLANG_ANALYZER_NUMBER_OBJECT_CONVERSION = YES_AGGRESSIVE;
				CLANG_CXX_LANGUAGE_STANDARD = "gnu++20";
				CLANG_ENABLE_MODULES = YES;
				CLANG_ENABLE_OBJC_ARC = YES;
				CLANG_ENABLE_OBJC_WEAK = YES;
				CLANG_WARN_BLOCK_CAPTURE_AUTORELEASING = YES;
				CLANG_WARN_BOOL_CONVERSION = YES;
				CLANG_WARN_COMMA = YES;
				CLANG_WARN_CONSTANT_CONVERSION = YES;
				CLANG_WARN_DEPRECATED_OBJC_IMPLEMENTATIONS = YES;
				CLANG_WARN_DIRECT_OBJC_ISA_USAGE = YES_ERROR;
				CLANG_WARN_DOCUMENTATION_COMMENTS = YES;
				CLANG_WARN_EMPTY_BODY = YES;
				CLANG_WARN_ENUM_CONVERSION = YES;
				CLANG_WARN_INFINITE_RECURSION = YES;
				CLANG_WARN_INT_CONVERSION = YES;
				CLANG_WARN_NON_LITERAL_NULL_CONVERSION = YES;
				CLANG_WARN_OBJC_IMPLICIT_RETAIN_SELF = YES;
				CLANG_WARN_OBJC_LITERAL_CONVERSION = YES;
				CLANG_WARN_OBJC_ROOT_CLASS = YES_ERROR;
				CLANG_WARN_QUOTED_INCLUDE_IN_FRAMEWORK_HEADER = YES;
				CLANG_WARN_RANGE_LOOP_ANALYSIS = YES;
				CLANG_WARN_STRICT_PROTOTYPES = YES;
				CLANG_WARN_SUSPICIOUS_MOVE = YES;
				CLANG_WARN_UNGUARDED_AVAILABILITY = YES_AGGRESSIVE;
				CLANG_WARN_UNREACHABLE_CODE = YES;
				CLANG_WARN__DUPLICATE_METHOD_MATCH = YES;
				COPY_PHASE_STRIP = NO;
				DEBUG_INFORMATION_FORMAT = dwarf;
				ENABLE_STRICT_OBJC_MSGSEND = YES;
				ENABLE_TESTABILITY = YES;
				GCC_C_LANGUAGE_STANDARD = gnu11;
				GCC_DYNAMIC_NO_PIC = NO;
				GCC_NO_COMMON_BLOCKS = YES;
				GCC_OPTIMIZATION_LEVEL = 0;
				GCC_PREPROCESSOR_DEFINITIONS = (
					"DEBUG=1",
					"$(inherited)",
				);
				GCC_WARN_64_TO_32_BIT_CONVERSION = YES;
				GCC_WARN_ABOUT_RETURN_TYPE = YES_ERROR;
				GCC_WARN_UNDECLARED_SELECTOR = YES;
				GCC_WARN_UNINITIALIZED_AUTOS = YES_AGGRESSIVE;
				GCC_WARN_UNUSED_FUNCTION = YES;
				GCC_WARN_UNUSED_VARIABLE = YES;
				IPHONEOS_DEPLOYMENT_TARGET = 16.1;
				MTL_ENABLE_DEBUG_INFO = INCLUDE_SOURCE;
				MTL_FAST_MATH = YES;
				ONLY_ACTIVE_ARCH = YES;
				SDKROOT = iphoneos;
				SWIFT_ACTIVE_COMPILATION_CONDITIONS = DEBUG;
				SWIFT_OPTIMIZATION_LEVEL = "-Onone";
			};
			name = Debug;
		};
		1485D0F32B2EE9910020D004 /* Release */ = {
			isa = XCBuildConfiguration;
			buildSettings = {
				ALWAYS_SEARCH_USER_PATHS = NO;
				CLANG_ANALYZER_NONNULL = YES;
				CLANG_ANALYZER_NUMBER_OBJECT_CONVERSION = YES_AGGRESSIVE;
				CLANG_CXX_LANGUAGE_STANDARD = "gnu++20";
				CLANG_ENABLE_MODULES = YES;
				CLANG_ENABLE_OBJC_ARC = YES;
				CLANG_ENABLE_OBJC_WEAK = YES;
				CLANG_WARN_BLOCK_CAPTURE_AUTORELEASING = YES;
				CLANG_WARN_BOOL_CONVERSION = YES;
				CLANG_WARN_COMMA = YES;
				CLANG_WARN_CONSTANT_CONVERSION = YES;
				CLANG_WARN_DEPRECATED_OBJC_IMPLEMENTATIONS = YES;
				CLANG_WARN_DIRECT_OBJC_ISA_USAGE = YES_ERROR;
				CLANG_WARN_DOCUMENTATION_COMMENTS = YES;
				CLANG_WARN_EMPTY_BODY = YES;
				CLANG_WARN_ENUM_CONVERSION = YES;
				CLANG_WARN_INFINITE_RECURSION = YES;
				CLANG_WARN_INT_CONVERSION = YES;
				CLANG_WARN_NON_LITERAL_NULL_CONVERSION = YES;
				CLANG_WARN_OBJC_IMPLICIT_RETAIN_SELF = YES;
				CLANG_WARN_OBJC_LITERAL_CONVERSION = YES;
				CLANG_WARN_OBJC_ROOT_CLASS = YES_ERROR;
				CLANG_WARN_QUOTED_INCLUDE_IN_FRAMEWORK_HEADER = YES;
				CLANG_WARN_RANGE_LOOP_ANALYSIS = YES;
				CLANG_WARN_STRICT_PROTOTYPES = YES;
				CLANG_WARN_SUSPICIOUS_MOVE = YES;
				CLANG_WARN_UNGUARDED_AVAILABILITY = YES_AGGRESSIVE;
				CLANG_WARN_UNREACHABLE_CODE = YES;
				CLANG_WARN__DUPLICATE_METHOD_MATCH = YES;
				COPY_PHASE_STRIP = NO;
				DEBUG_INFORMATION_FORMAT = "dwarf-with-dsym";
				ENABLE_NS_ASSERTIONS = NO;
				ENABLE_STRICT_OBJC_MSGSEND = YES;
				GCC_C_LANGUAGE_STANDARD = gnu11;
				GCC_NO_COMMON_BLOCKS = YES;
				GCC_WARN_64_TO_32_BIT_CONVERSION = YES;
				GCC_WARN_ABOUT_RETURN_TYPE = YES_ERROR;
				GCC_WARN_UNDECLARED_SELECTOR = YES;
				GCC_WARN_UNINITIALIZED_AUTOS = YES_AGGRESSIVE;
				GCC_WARN_UNUSED_FUNCTION = YES;
				GCC_WARN_UNUSED_VARIABLE = YES;
				IPHONEOS_DEPLOYMENT_TARGET = 16.1;
				MTL_ENABLE_DEBUG_INFO = NO;
				MTL_FAST_MATH = YES;
				SDKROOT = iphoneos;
				SWIFT_COMPILATION_MODE = wholemodule;
				SWIFT_OPTIMIZATION_LEVEL = "-O";
				VALIDATE_PRODUCT = YES;
			};
			name = Release;
		};
		1485D0F52B2EE9910020D004 /* Debug */ = {
			isa = XCBuildConfiguration;
			buildSettings = {
				ASSETCATALOG_COMPILER_APPICON_NAME = AppIcon;
				ASSETCATALOG_COMPILER_GLOBAL_ACCENT_COLOR_NAME = AccentColor;
				CODE_SIGN_STYLE = Automatic;
				CURRENT_PROJECT_VERSION = 1;
				GENERATE_INFOPLIST_FILE = YES;
				INFOPLIST_FILE = CustomTimer/Info.plist;
				INFOPLIST_KEY_UIApplicationSupportsIndirectInputEvents = YES;
				INFOPLIST_KEY_UILaunchStoryboardName = LaunchScreen;
				INFOPLIST_KEY_UIMainStoryboardFile = Main;
				INFOPLIST_KEY_UISupportedInterfaceOrientations_iPad = "UIInterfaceOrientationPortrait UIInterfaceOrientationPortraitUpsideDown UIInterfaceOrientationLandscapeLeft UIInterfaceOrientationLandscapeRight";
				INFOPLIST_KEY_UISupportedInterfaceOrientations_iPhone = "UIInterfaceOrientationPortrait UIInterfaceOrientationLandscapeLeft UIInterfaceOrientationLandscapeRight";
				LD_RUNPATH_SEARCH_PATHS = (
					"$(inherited)",
					"@executable_path/Frameworks",
				);
				MARKETING_VERSION = 1.0;
				PRODUCT_BUNDLE_IDENTIFIER = mrodle.CustomTimer;
				PRODUCT_NAME = "$(TARGET_NAME)";
				SWIFT_EMIT_LOC_STRINGS = YES;
				SWIFT_VERSION = 5.0;
				TARGETED_DEVICE_FAMILY = "1,2";
			};
			name = Debug;
		};
		1485D0F62B2EE9910020D004 /* Release */ = {
			isa = XCBuildConfiguration;
			buildSettings = {
				ASSETCATALOG_COMPILER_APPICON_NAME = AppIcon;
				ASSETCATALOG_COMPILER_GLOBAL_ACCENT_COLOR_NAME = AccentColor;
				CODE_SIGN_STYLE = Automatic;
				CURRENT_PROJECT_VERSION = 1;
				GENERATE_INFOPLIST_FILE = YES;
				INFOPLIST_FILE = CustomTimer/Info.plist;
				INFOPLIST_KEY_UIApplicationSupportsIndirectInputEvents = YES;
				INFOPLIST_KEY_UILaunchStoryboardName = LaunchScreen;
				INFOPLIST_KEY_UIMainStoryboardFile = Main;
				INFOPLIST_KEY_UISupportedInterfaceOrientations_iPad = "UIInterfaceOrientationPortrait UIInterfaceOrientationPortraitUpsideDown UIInterfaceOrientationLandscapeLeft UIInterfaceOrientationLandscapeRight";
				INFOPLIST_KEY_UISupportedInterfaceOrientations_iPhone = "UIInterfaceOrientationPortrait UIInterfaceOrientationLandscapeLeft UIInterfaceOrientationLandscapeRight";
				LD_RUNPATH_SEARCH_PATHS = (
					"$(inherited)",
					"@executable_path/Frameworks",
				);
				MARKETING_VERSION = 1.0;
				PRODUCT_BUNDLE_IDENTIFIER = mrodle.CustomTimer;
				PRODUCT_NAME = "$(TARGET_NAME)";
				SWIFT_EMIT_LOC_STRINGS = YES;
				SWIFT_VERSION = 5.0;
				TARGETED_DEVICE_FAMILY = "1,2";
			};
			name = Release;
		};
		1485D0F82B2EE9910020D004 /* Debug */ = {
			isa = XCBuildConfiguration;
			buildSettings = {
				ALWAYS_EMBED_SWIFT_STANDARD_LIBRARIES = YES;
				BUNDLE_LOADER = "$(TEST_HOST)";
				CODE_SIGN_STYLE = Automatic;
				CURRENT_PROJECT_VERSION = 1;
				GENERATE_INFOPLIST_FILE = YES;
				IPHONEOS_DEPLOYMENT_TARGET = 16.1;
				MARKETING_VERSION = 1.0;
				PRODUCT_BUNDLE_IDENTIFIER = mrodle.CustomTimerTests;
				PRODUCT_NAME = "$(TARGET_NAME)";
				SWIFT_EMIT_LOC_STRINGS = NO;
				SWIFT_VERSION = 5.0;
				TARGETED_DEVICE_FAMILY = "1,2";
				TEST_HOST = "$(BUILT_PRODUCTS_DIR)/CustomTimer.app/$(BUNDLE_EXECUTABLE_FOLDER_PATH)/CustomTimer";
			};
			name = Debug;
		};
		1485D0F92B2EE9910020D004 /* Release */ = {
			isa = XCBuildConfiguration;
			buildSettings = {
				ALWAYS_EMBED_SWIFT_STANDARD_LIBRARIES = YES;
				BUNDLE_LOADER = "$(TEST_HOST)";
				CODE_SIGN_STYLE = Automatic;
				CURRENT_PROJECT_VERSION = 1;
				GENERATE_INFOPLIST_FILE = YES;
				IPHONEOS_DEPLOYMENT_TARGET = 16.1;
				MARKETING_VERSION = 1.0;
				PRODUCT_BUNDLE_IDENTIFIER = mrodle.CustomTimerTests;
				PRODUCT_NAME = "$(TARGET_NAME)";
				SWIFT_EMIT_LOC_STRINGS = NO;
				SWIFT_VERSION = 5.0;
				TARGETED_DEVICE_FAMILY = "1,2";
				TEST_HOST = "$(BUILT_PRODUCTS_DIR)/CustomTimer.app/$(BUNDLE_EXECUTABLE_FOLDER_PATH)/CustomTimer";
			};
			name = Release;
		};
		1485D0FB2B2EE9910020D004 /* Debug */ = {
			isa = XCBuildConfiguration;
			buildSettings = {
				ALWAYS_EMBED_SWIFT_STANDARD_LIBRARIES = YES;
				CODE_SIGN_STYLE = Automatic;
				CURRENT_PROJECT_VERSION = 1;
				GENERATE_INFOPLIST_FILE = YES;
				MARKETING_VERSION = 1.0;
				PRODUCT_BUNDLE_IDENTIFIER = mrodle.CustomTimerUITests;
				PRODUCT_NAME = "$(TARGET_NAME)";
				SWIFT_EMIT_LOC_STRINGS = NO;
				SWIFT_VERSION = 5.0;
				TARGETED_DEVICE_FAMILY = "1,2";
				TEST_TARGET_NAME = CustomTimer;
			};
			name = Debug;
		};
		1485D0FC2B2EE9910020D004 /* Release */ = {
			isa = XCBuildConfiguration;
			buildSettings = {
				ALWAYS_EMBED_SWIFT_STANDARD_LIBRARIES = YES;
				CODE_SIGN_STYLE = Automatic;
				CURRENT_PROJECT_VERSION = 1;
				GENERATE_INFOPLIST_FILE = YES;
				MARKETING_VERSION = 1.0;
				PRODUCT_BUNDLE_IDENTIFIER = mrodle.CustomTimerUITests;
				PRODUCT_NAME = "$(TARGET_NAME)";
				SWIFT_EMIT_LOC_STRINGS = NO;
				SWIFT_VERSION = 5.0;
				TARGETED_DEVICE_FAMILY = "1,2";
				TEST_TARGET_NAME = CustomTimer;
			};
			name = Release;
		};
/* End XCBuildConfiguration section */

/* Begin XCConfigurationList section */
		1485D0C52B2EE9900020D004 /* Build configuration list for PBXProject "CustomTimer" */ = {
			isa = XCConfigurationList;
			buildConfigurations = (
				1485D0F22B2EE9910020D004 /* Debug */,
				1485D0F32B2EE9910020D004 /* Release */,
			);
			defaultConfigurationIsVisible = 0;
			defaultConfigurationName = Release;
		};
		1485D0F42B2EE9910020D004 /* Build configuration list for PBXNativeTarget "CustomTimer" */ = {
			isa = XCConfigurationList;
			buildConfigurations = (
				1485D0F52B2EE9910020D004 /* Debug */,
				1485D0F62B2EE9910020D004 /* Release */,
			);
			defaultConfigurationIsVisible = 0;
			defaultConfigurationName = Release;
		};
		1485D0F72B2EE9910020D004 /* Build configuration list for PBXNativeTarget "CustomTimerTests" */ = {
			isa = XCConfigurationList;
			buildConfigurations = (
				1485D0F82B2EE9910020D004 /* Debug */,
				1485D0F92B2EE9910020D004 /* Release */,
			);
			defaultConfigurationIsVisible = 0;
			defaultConfigurationName = Release;
		};
		1485D0FA2B2EE9910020D004 /* Build configuration list for PBXNativeTarget "CustomTimerUITests" */ = {
			isa = XCConfigurationList;
			buildConfigurations = (
				1485D0FB2B2EE9910020D004 /* Debug */,
				1485D0FC2B2EE9910020D004 /* Release */,
			);
			defaultConfigurationIsVisible = 0;
			defaultConfigurationName = Release;
		};
/* End XCConfigurationList section */
	};
	rootObject = 1485D0C22B2EE9900020D004 /* Project object */;
}
